{
  "version": 4,
  "terraform_version": "1.11.2",
  "serial": 9,
  "lineage": "919ecbd9-fe01-2767-e00b-2081b6f95a16",
  "outputs": {},
  "resources": [
    {
      "module": "module.lambda_pdf_embedding",
      "mode": "managed",
      "type": "aws_iam_role",
      "name": "lambda_exec_role",
      "provider": "provider[\"registry.terraform.io/hashicorp/aws\"]",
      "instances": [
        {
          "schema_version": 0,
          "attributes": {
            "arn": "arn:aws:iam::304534109815:role/lambda_pdf_embedding_role",
            "assume_role_policy": "{\"Statement\":[{\"Action\":\"sts:AssumeRole\",\"Effect\":\"Allow\",\"Principal\":{\"Service\":\"lambda.amazonaws.com\"}}],\"Version\":\"2012-10-17\"}",
            "create_date": "2025-06-01T21:31:42Z",
            "description": "",
            "force_detach_policies": false,
            "id": "lambda_pdf_embedding_role",
            "inline_policy": [],
            "managed_policy_arns": [],
            "max_session_duration": 3600,
            "name": "lambda_pdf_embedding_role",
            "name_prefix": "",
            "path": "/",
            "permissions_boundary": "",
            "tags": null,
            "tags_all": {},
            "unique_id": "AROAUNZ5FXZ3ZPRHDEM7E"
          },
          "sensitive_attributes": [],
          "private": "bnVsbA=="
        }
      ]
    },
    {
      "module": "module.lambda_pdf_embedding",
      "mode": "managed",
      "type": "aws_iam_role_policy",
      "name": "lambda_policy",
      "provider": "provider[\"registry.terraform.io/hashicorp/aws\"]",
      "instances": [
        {
          "schema_version": 0,
          "attributes": {
            "id": "lambda_pdf_embedding_role:lambda_pdf_embedding_policy",
            "name": "lambda_pdf_embedding_policy",
            "name_prefix": "",
            "policy": "{\"Version\":\"2012-10-17\",\"Statement\":[{\"Action\":[\"logs:CreateLogGroup\",\"logs:CreateLogStream\",\"logs:PutLogEvents\"],\"Effect\":\"Allow\",\"Resource\":\"*\"},{\"Action\":[\"s3:GetObject\"],\"Effect\":\"Allow\",\"Resource\":\"arn:aws:s3:::pdf-embedding-bucket/*\"},{\"Action\":\"sagemaker:InvokeEndpoint\",\"Effect\":\"Allow\",\"Resource\":\"arn:aws:sagemaker:*:586794477720:endpoint/*\"}]}",
            "role": "lambda_pdf_embedding_role"
          },
          "sensitive_attributes": [],
          "private": "bnVsbA==",
          "dependencies": [
            "module.lambda_pdf_embedding.aws_iam_role.lambda_exec_role",
            "module.lambda_pdf_embedding.aws_s3_bucket.pdf_bucket"
          ]
        }
      ]
    },
    {
      "module": "module.lambda_pdf_embedding",
      "mode": "managed",
      "type": "aws_iam_role_policy_attachment",
      "name": "textract_policy",
      "provider": "provider[\"registry.terraform.io/hashicorp/aws\"]",
      "instances": [
        {
          "schema_version": 0,
          "attributes": {
            "id": "lambda_pdf_embedding_role-20250601213142448400000001",
            "policy_arn": "arn:aws:iam::aws:policy/AmazonTextractFullAccess",
            "role": "lambda_pdf_embedding_role"
          },
          "sensitive_attributes": [],
          "private": "bnVsbA==",
          "dependencies": [
            "module.lambda_pdf_embedding.aws_iam_role.lambda_exec_role"
          ]
        }
      ]
    },
    {
      "module": "module.lambda_pdf_embedding",
      "mode": "managed",
      "type": "aws_lambda_function",
      "name": "pdf_lambda",
      "provider": "provider[\"registry.terraform.io/hashicorp/aws\"]",
      "instances": [
        {
          "schema_version": 0,
          "attributes": {
            "architectures": [
              "x86_64"
            ],
            "arn": "arn:aws:lambda:us-east-1:304534109815:function:pdfEmbeddingLambda",
            "code_sha256": "qZsgWy/ObquVlSxAfbDjHeYh1ha/BgFsIIPLOTYYcrU=",
            "code_signing_config_arn": "",
            "dead_letter_config": [],
            "description": "",
            "environment": [
              {
                "variables": {
                  "EMBEDDING_DIMENSION": "768",
                  "PINECONE_API_KEY": "pcsk_5YLaZ3_QanwxGpjGwtpBBaiXfCMj9dyCSjC2NGaa1H2iNzqCbmw6HYzAPkdceEarnNXcPR",
                  "PINECONE_ENV_REGION": "Production",
                  "PINECONE_INDEX": "vector-database",
                  "SAGEMAKER_ENDPOINT": "tei-2025-06-01-05-50-55-735"
                }
              }
            ],
            "ephemeral_storage": [
              {
                "size": 512
              }
            ],
            "file_system_config": [],
            "filename": null,
            "function_name": "pdfEmbeddingLambda",
            "handler": "index.handler",
            "id": "pdfEmbeddingLambda",
            "image_config": [],
            "image_uri": "",
            "invoke_arn": "arn:aws:apigateway:us-east-1:lambda:path/2015-03-31/functions/arn:aws:lambda:us-east-1:304534109815:function:pdfEmbeddingLambda/invocations",
            "kms_key_arn": "",
            "last_modified": "2025-06-01T21:31:53.495+0000",
            "layers": null,
            "logging_config": [
              {
                "application_log_level": "",
                "log_format": "Text",
                "log_group": "/aws/lambda/pdfEmbeddingLambda",
                "system_log_level": ""
              }
            ],
            "memory_size": 1024,
            "package_type": "Zip",
            "publish": false,
            "qualified_arn": "arn:aws:lambda:us-east-1:304534109815:function:pdfEmbeddingLambda:$LATEST",
            "qualified_invoke_arn": "arn:aws:apigateway:us-east-1:lambda:path/2015-03-31/functions/arn:aws:lambda:us-east-1:304534109815:function:pdfEmbeddingLambda:$LATEST/invocations",
            "replace_security_groups_on_destroy": null,
            "replacement_security_group_ids": null,
            "reserved_concurrent_executions": -1,
            "role": "arn:aws:iam::304534109815:role/lambda_pdf_embedding_role",
            "runtime": "nodejs18.x",
            "s3_bucket": "pdf-embedding-bucket",
            "s3_key": "lambda/lambda_deployment_package.zip",
            "s3_object_version": null,
            "signing_job_arn": "",
            "signing_profile_version_arn": "",
            "skip_destroy": false,
            "snap_start": [],
            "source_code_hash": "",
            "source_code_size": 5318009,
            "tags": null,
            "tags_all": {},
            "timeout": 300,
            "timeouts": null,
            "tracing_config": [
              {
                "mode": "PassThrough"
              }
            ],
            "version": "$LATEST",
            "vpc_config": []
          },
          "sensitive_attributes": [
            [
              {
                "type": "get_attr",
                "value": "environment"
              },
              {
                "type": "index",
                "value": {
                  "value": 0,
                  "type": "number"
                }
              },
              {
                "type": "get_attr",
                "value": "variables"
              },
              {
                "type": "index",
                "value": {
                  "value": "PINECONE_API_KEY",
                  "type": "string"
                }
              }
            ]
          ],
          "private": "eyJlMmJmYjczMC1lY2FhLTExZTYtOGY4OC0zNDM2M2JjN2M0YzAiOnsiY3JlYXRlIjo2MDAwMDAwMDAwMDAsImRlbGV0ZSI6NjAwMDAwMDAwMDAwLCJ1cGRhdGUiOjYwMDAwMDAwMDAwMH19",
          "dependencies": [
            "module.lambda_pdf_embedding.aws_iam_role.lambda_exec_role",
            "module.lambda_pdf_embedding.aws_s3_bucket.pdf_bucket",
            "module.lambda_pdf_embedding.aws_s3_object.lambda_zip"
          ]
        }
      ]
    },
    {
      "module": "module.lambda_pdf_embedding",
      "mode": "managed",
      "type": "aws_lambda_permission",
      "name": "allow_s3",
      "provider": "provider[\"registry.terraform.io/hashicorp/aws\"]",
      "instances": [
        {
          "schema_version": 0,
          "attributes": {
            "action": "lambda:InvokeFunction",
            "event_source_token": null,
            "function_name": "pdfEmbeddingLambda",
            "function_url_auth_type": null,
            "id": "AllowExecutionFromS3",
            "principal": "s3.amazonaws.com",
            "principal_org_id": null,
            "qualifier": "",
            "source_account": null,
            "source_arn": "arn:aws:s3:::pdf-embedding-bucket",
            "statement_id": "AllowExecutionFromS3",
            "statement_id_prefix": ""
          },
          "sensitive_attributes": [],
          "private": "bnVsbA==",
          "dependencies": [
            "module.lambda_pdf_embedding.aws_iam_role.lambda_exec_role",
            "module.lambda_pdf_embedding.aws_lambda_function.pdf_lambda",
            "module.lambda_pdf_embedding.aws_s3_bucket.pdf_bucket",
            "module.lambda_pdf_embedding.aws_s3_object.lambda_zip"
          ]
        }
      ]
    },
    {
      "module": "module.lambda_pdf_embedding",
      "mode": "managed",
      "type": "aws_s3_bucket",
      "name": "pdf_bucket",
      "provider": "provider[\"registry.terraform.io/hashicorp/aws\"]",
      "instances": [
        {
          "schema_version": 0,
          "attributes": {
            "acceleration_status": "",
            "acl": null,
            "arn": "arn:aws:s3:::pdf-embedding-bucket",
            "bucket": "pdf-embedding-bucket",
            "bucket_domain_name": "pdf-embedding-bucket.s3.amazonaws.com",
            "bucket_prefix": "",
            "bucket_regional_domain_name": "pdf-embedding-bucket.s3.us-east-1.amazonaws.com",
            "cors_rule": [],
            "force_destroy": true,
            "grant": [
              {
                "id": "8721a6ece2174bcea38dfb5131c4630db494f7909fff11b1db2968e3d81ffca3",
                "permissions": [
                  "FULL_CONTROL"
                ],
                "type": "CanonicalUser",
                "uri": ""
              }
            ],
            "hosted_zone_id": "Z3AQBSTGFYJSTF",
            "id": "pdf-embedding-bucket",
            "lifecycle_rule": [],
            "logging": [],
            "object_lock_configuration": [],
            "object_lock_enabled": false,
            "policy": "",
            "region": "us-east-1",
            "replication_configuration": [],
            "request_payer": "BucketOwner",
            "server_side_encryption_configuration": [
              {
                "rule": [
                  {
                    "apply_server_side_encryption_by_default": [
                      {
                        "kms_master_key_id": "",
                        "sse_algorithm": "AES256"
                      }
                    ],
                    "bucket_key_enabled": false
                  }
                ]
              }
            ],
            "tags": null,
            "tags_all": {},
            "timeouts": null,
            "versioning": [
              {
                "enabled": false,
                "mfa_delete": false
              }
            ],
            "website": [],
            "website_domain": null,
            "website_endpoint": null
          },
          "sensitive_attributes": [],
          "private": "eyJlMmJmYjczMC1lY2FhLTExZTYtOGY4OC0zNDM2M2JjN2M0YzAiOnsiY3JlYXRlIjoxMjAwMDAwMDAwMDAwLCJkZWxldGUiOjM2MDAwMDAwMDAwMDAsInJlYWQiOjEyMDAwMDAwMDAwMDAsInVwZGF0ZSI6MTIwMDAwMDAwMDAwMH19"
        }
      ]
    },
    {
      "module": "module.lambda_pdf_embedding",
      "mode": "managed",
      "type": "aws_s3_bucket_notification",
      "name": "bucket_notification",
      "provider": "provider[\"registry.terraform.io/hashicorp/aws\"]",
      "instances": [
        {
          "schema_version": 0,
          "attributes": {
            "bucket": "pdf-embedding-bucket",
            "eventbridge": false,
            "id": "pdf-embedding-bucket",
            "lambda_function": [
              {
                "events": [
                  "s3:ObjectCreated:*"
                ],
                "filter_prefix": "uploads/",
                "filter_suffix": ".pdf",
                "id": "tf-s3-lambda-20250601213159676500000002",
                "lambda_function_arn": "arn:aws:lambda:us-east-1:304534109815:function:pdfEmbeddingLambda"
              }
            ],
            "queue": [],
            "topic": []
          },
          "sensitive_attributes": [],
          "private": "bnVsbA==",
          "dependencies": [
            "module.lambda_pdf_embedding.aws_iam_role.lambda_exec_role",
            "module.lambda_pdf_embedding.aws_lambda_function.pdf_lambda",
            "module.lambda_pdf_embedding.aws_lambda_permission.allow_s3",
            "module.lambda_pdf_embedding.aws_s3_bucket.pdf_bucket",
            "module.lambda_pdf_embedding.aws_s3_object.lambda_zip"
          ]
        }
      ]
    },
    {
      "module": "module.lambda_pdf_embedding",
      "mode": "managed",
      "type": "aws_s3_object",
      "name": "lambda_zip",
      "provider": "provider[\"registry.terraform.io/hashicorp/aws\"]",
      "instances": [
        {
          "schema_version": 0,
          "attributes": {
            "acl": null,
            "arn": "arn:aws:s3:::pdf-embedding-bucket/lambda/lambda_deployment_package.zip",
            "bucket": "pdf-embedding-bucket",
            "bucket_key_enabled": false,
            "cache_control": "",
            "checksum_algorithm": null,
            "checksum_crc32": "",
            "checksum_crc32c": "",
            "checksum_crc64nvme": "",
            "checksum_sha1": "",
            "checksum_sha256": "",
            "content": null,
            "content_base64": null,
            "content_disposition": "",
            "content_encoding": "",
            "content_language": "",
            "content_type": "binary/octet-stream",
            "etag": "dbea8226db331cd8f08a77bb0fbf847e-2",
            "force_destroy": false,
            "id": "lambda/lambda_deployment_package.zip",
            "key": "lambda/lambda_deployment_package.zip",
            "kms_key_id": null,
            "metadata": null,
            "object_lock_legal_hold_status": "",
            "object_lock_mode": "",
            "object_lock_retain_until_date": "",
            "override_provider": [],
            "server_side_encryption": "AES256",
            "source": "modules/lambda-pdf-embedding/lambda/lambda_deployment_package.zip",
            "source_hash": null,
            "storage_class": "STANDARD",
            "tags": null,
            "tags_all": {},
            "version_id": "",
            "website_redirect": ""
          },
          "sensitive_attributes": [],
          "private": "bnVsbA==",
          "dependencies": [
            "module.lambda_pdf_embedding.aws_s3_bucket.pdf_bucket"
          ]
        }
      ]
    }
  ],
  "check_results": null
}
